
Microsoft Visual Studio Solution File, Format Version 12.00
# Visual Studio Version 17
VisualStudioVersion = 17.14.36401.2 d17.14
MinimumVisualStudioVersion = 10.0.40219.1
Project("{FAE04EC0-301F-11D3-BF4B-00C04F79EFBC}") = "ATMEnkapsulasi", "ATMEnkapsulasi\ATMEnkapsulasi.csproj", "{B369AD9C-6537-479D-A850-9350F481E86C}"
EndProject
Global
	GlobalSection(SolutionConfigurationPlatforms) = preSolution
		Debug|Any CPU = Debug|Any CPU
		Release|Any CPU = Release|Any CPU
	EndGlobalSection
	GlobalSection(ProjectConfigurationPlatforms) = postSolution
		{B369AD9C-6537-479D-A850-9350F481E86C}.Debug|Any CPU.ActiveCfg = Debug|Any CPU
		{B369AD9C-6537-479D-A850-9350F481E86C}.Debug|Any CPU.Build.0 = Debug|Any CPU
		{B369AD9C-6537-479D-A850-9350F481E86C}.Release|Any CPU.ActiveCfg = Release|Any CPU
		{B369AD9C-6537-479D-A850-9350F481E86C}.Release|Any CPU.Build.0 = Release|Any CPU
	EndGlobalSection
	GlobalSection(SolutionProperties) = preSolution
		HideSolutionNode = FALSE
	EndGlobalSection
	GlobalSection(ExtensibilityGlobals) = postSolution
		SolutionGuid = {EBE43E08-F26E-400B-8E75-01970E52EF93}
	EndGlobalSection
EndGlobal
